
Microsoft Visual Studio Solution File, Format Version 12.00
# Visual Studio 15
VisualStudioVersion = 15.0.28307.1738
MinimumVisualStudioVersion = 10.0.40219.1
Project("{FAE04EC0-301F-11D3-BF4B-00C04F79EFBC}") = "ChatProject_v2", "ChatProject_v2\ChatProject_v2.csproj", "{9264B487-5CDF-4657-9391-488FC3A85B51}"
EndProject
Global
	GlobalSection(SolutionConfigurationPlatforms) = preSolution
		Debug|Any CPU = Debug|Any CPU
		Release|Any CPU = Release|Any CPU
	EndGlobalSection
	GlobalSection(ProjectConfigurationPlatforms) = postSolution
		{9264B487-5CDF-4657-9391-488FC3A85B51}.Debug|Any CPU.ActiveCfg = Debug|Any CPU
		{9264B487-5CDF-4657-9391-488FC3A85B51}.Debug|Any CPU.Build.0 = Debug|Any CPU
		{9264B487-5CDF-4657-9391-488FC3A85B51}.Release|Any CPU.ActiveCfg = Release|Any CPU
		{9264B487-5CDF-4657-9391-488FC3A85B51}.Release|Any CPU.Build.0 = Release|Any CPU
	EndGlobalSection
	GlobalSection(SolutionProperties) = preSolution
		HideSolutionNode = FALSE
	EndGlobalSection
	GlobalSection(ExtensibilityGlobals) = postSolution
		SolutionGuid = {A6627FF0-13E7-426B-85F8-C8CF001A1507}
	EndGlobalSection
EndGlobal
